// !$*UTF8*$!
{
	archiveVersion = 1;
	classes = {
	};
	objectVersion = 56;
	objects = {

/* Begin PBXBuildFile section */
		3FA9CA9AFC763CB8640BBDAD /* Pods_testConnection.framework in Frameworks */ = {isa = PBXBuildFile; fileRef = 365D22A0FBF7FDAEB34830B9 /* Pods_testConnection.framework */; };
		D315B10A2B5A943700C1A826 /* AppDelegate.swift in Sources */ = {isa = PBXBuildFile; fileRef = D315B1092B5A943700C1A826 /* AppDelegate.swift */; };
		D315B10C2B5A943700C1A826 /* SceneDelegate.swift in Sources */ = {isa = PBXBuildFile; fileRef = D315B10B2B5A943700C1A826 /* SceneDelegate.swift */; };
		D315B1132B5A943700C1A826 /* Assets.xcassets in Resources */ = {isa = PBXBuildFile; fileRef = D315B1122B5A943700C1A826 /* Assets.xcassets */; };
		D315B1162B5A943700C1A826 /* LaunchScreen.storyboard in Resources */ = {isa = PBXBuildFile; fileRef = D315B1142B5A943700C1A826 /* LaunchScreen.storyboard */; };
		D315B1242B5A94E000C1A826 /* RecipesViewController.swift in Sources */ = {isa = PBXBuildFile; fileRef = D315B1222B5A94E000C1A826 /* RecipesViewController.swift */; };
		D315B1252B5A94E000C1A826 /* RecipesViewController.xib in Resources */ = {isa = PBXBuildFile; fileRef = D315B1232B5A94E000C1A826 /* RecipesViewController.xib */; };
		D315B1272B5A950100C1A826 /* RecipesViewModel.swift in Sources */ = {isa = PBXBuildFile; fileRef = D315B1262B5A950100C1A826 /* RecipesViewModel.swift */; };
		D315B12A2B5A9C6200C1A826 /* ConnectionStatus.swift in Sources */ = {isa = PBXBuildFile; fileRef = D315B1292B5A9C6200C1A826 /* ConnectionStatus.swift */; };
		D315B12D2B5A9D9400C1A826 /* UIViewController.swift in Sources */ = {isa = PBXBuildFile; fileRef = D315B12C2B5A9D9400C1A826 /* UIViewController.swift */; };
		D315B1332B5A9E8600C1A826 /* TargetType.swift in Sources */ = {isa = PBXBuildFile; fileRef = D315B1322B5A9E8600C1A826 /* TargetType.swift */; };
		D315B1362B5A9EA700C1A826 /* Api.swift in Sources */ = {isa = PBXBuildFile; fileRef = D315B1352B5A9EA700C1A826 /* Api.swift */; };
		D315B1382B5A9EE300C1A826 /* BaseAPI.swift in Sources */ = {isa = PBXBuildFile; fileRef = D315B1372B5A9EE300C1A826 /* BaseAPI.swift */; };
		D315B13A2B5A9F1400C1A826 /* ErrorMessage.swift in Sources */ = {isa = PBXBuildFile; fileRef = D315B1392B5A9F1400C1A826 /* ErrorMessage.swift */; };
		D315B13C2B5AA16A00C1A826 /* UIImageView.swift in Sources */ = {isa = PBXBuildFile; fileRef = D315B13B2B5AA16A00C1A826 /* UIImageView.swift */; };
/* End PBXBuildFile section */

/* Begin PBXFileReference section */
		365D22A0FBF7FDAEB34830B9 /* Pods_testConnection.framework */ = {isa = PBXFileReference; explicitFileType = wrapper.framework; includeInIndex = 0; path = Pods_testConnection.framework; sourceTree = BUILT_PRODUCTS_DIR; };
		8C6FE553D5285547BEDFC69B /* Pods-testConnection.release.xcconfig */ = {isa = PBXFileReference; includeInIndex = 1; lastKnownFileType = text.xcconfig; name = "Pods-testConnection.release.xcconfig"; path = "Target Support Files/Pods-testConnection/Pods-testConnection.release.xcconfig"; sourceTree = "<group>"; };
		D315B1062B5A943700C1A826 /* testConnection.app */ = {isa = PBXFileReference; explicitFileType = wrapper.application; includeInIndex = 0; path = testConnection.app; sourceTree = BUILT_PRODUCTS_DIR; };
		D315B1092B5A943700C1A826 /* AppDelegate.swift */ = {isa = PBXFileReference; lastKnownFileType = sourcecode.swift; path = AppDelegate.swift; sourceTree = "<group>"; };
		D315B10B2B5A943700C1A826 /* SceneDelegate.swift */ = {isa = PBXFileReference; lastKnownFileType = sourcecode.swift; path = SceneDelegate.swift; sourceTree = "<group>"; };
		D315B1122B5A943700C1A826 /* Assets.xcassets */ = {isa = PBXFileReference; lastKnownFileType = folder.assetcatalog; path = Assets.xcassets; sourceTree = "<group>"; };
		D315B1152B5A943700C1A826 /* Base */ = {isa = PBXFileReference; lastKnownFileType = file.storyboard; name = Base; path = Base.lproj/LaunchScreen.storyboard; sourceTree = "<group>"; };
		D315B1172B5A943800C1A826 /* Info.plist */ = {isa = PBXFileReference; lastKnownFileType = text.plist.xml; path = Info.plist; sourceTree = "<group>"; };
		D315B1222B5A94E000C1A826 /* RecipesViewController.swift */ = {isa = PBXFileReference; lastKnownFileType = sourcecode.swift; path = RecipesViewController.swift; sourceTree = "<group>"; };
		D315B1232B5A94E000C1A826 /* RecipesViewController.xib */ = {isa = PBXFileReference; lastKnownFileType = file.xib; path = RecipesViewController.xib; sourceTree = "<group>"; };
		D315B1262B5A950100C1A826 /* RecipesViewModel.swift */ = {isa = PBXFileReference; lastKnownFileType = sourcecode.swift; path = RecipesViewModel.swift; sourceTree = "<group>"; };
		D315B1292B5A9C6200C1A826 /* ConnectionStatus.swift */ = {isa = PBXFileReference; lastKnownFileType = sourcecode.swift; path = ConnectionStatus.swift; sourceTree = "<group>"; };
		D315B12C2B5A9D9400C1A826 /* UIViewController.swift */ = {isa = PBXFileReference; lastKnownFileType = sourcecode.swift; path = UIViewController.swift; sourceTree = "<group>"; };
		D315B1322B5A9E8600C1A826 /* TargetType.swift */ = {isa = PBXFileReference; lastKnownFileType = sourcecode.swift; path = TargetType.swift; sourceTree = "<group>"; };
		D315B1352B5A9EA700C1A826 /* Api.swift */ = {isa = PBXFileReference; lastKnownFileType = sourcecode.swift; path = Api.swift; sourceTree = "<group>"; };
		D315B1372B5A9EE300C1A826 /* BaseAPI.swift */ = {isa = PBXFileReference; lastKnownFileType = sourcecode.swift; path = BaseAPI.swift; sourceTree = "<group>"; };
		D315B1392B5A9F1400C1A826 /* ErrorMessage.swift */ = {isa = PBXFileReference; lastKnownFileType = sourcecode.swift; path = ErrorMessage.swift; sourceTree = "<group>"; };
		D315B13B2B5AA16A00C1A826 /* UIImageView.swift */ = {isa = PBXFileReference; lastKnownFileType = sourcecode.swift; path = UIImageView.swift; sourceTree = "<group>"; };
		DDCF5986F77BF589048813A0 /* Pods-testConnection.debug.xcconfig */ = {isa = PBXFileReference; includeInIndex = 1; lastKnownFileType = text.xcconfig; name = "Pods-testConnection.debug.xcconfig"; path = "Target Support Files/Pods-testConnection/Pods-testConnection.debug.xcconfig"; sourceTree = "<group>"; };
/* End PBXFileReference section */

/* Begin PBXFrameworksBuildPhase section */
		D315B1032B5A943700C1A826 /* Frameworks */ = {
			isa = PBXFrameworksBuildPhase;
			buildActionMask = 2147483647;
			files = (
				3FA9CA9AFC763CB8640BBDAD /* Pods_testConnection.framework in Frameworks */,
			);
			runOnlyForDeploymentPostprocessing = 0;
		};
/* End PBXFrameworksBuildPhase section */

/* Begin PBXGroup section */
		95548EB088561ADC800FD6B3 /* Pods */ = {
			isa = PBXGroup;
			children = (
				DDCF5986F77BF589048813A0 /* Pods-testConnection.debug.xcconfig */,
				8C6FE553D5285547BEDFC69B /* Pods-testConnection.release.xcconfig */,
			);
			path = Pods;
			sourceTree = "<group>";
		};
		AD64A7B0A18FB2D71216F352 /* Frameworks */ = {
			isa = PBXGroup;
			children = (
				365D22A0FBF7FDAEB34830B9 /* Pods_testConnection.framework */,
			);
			name = Frameworks;
			sourceTree = "<group>";
		};
		D315B0FD2B5A943700C1A826 = {
			isa = PBXGroup;
			children = (
				D315B1082B5A943700C1A826 /* testConnection */,
				D315B1072B5A943700C1A826 /* Products */,
				95548EB088561ADC800FD6B3 /* Pods */,
				AD64A7B0A18FB2D71216F352 /* Frameworks */,
			);
			sourceTree = "<group>";
		};
		D315B1072B5A943700C1A826 /* Products */ = {
			isa = PBXGroup;
			children = (
				D315B1062B5A943700C1A826 /* testConnection.app */,
			);
			name = Products;
			sourceTree = "<group>";
		};
		D315B1082B5A943700C1A826 /* testConnection */ = {
			isa = PBXGroup;
			children = (
				D315B11D2B5A944E00C1A826 /* AppDelegate */,
				D315B11F2B5A94A900C1A826 /* launch screen */,
				D315B1202B5A94B900C1A826 /* Flow */,
				D315B12E2B5A9E3500C1A826 /* Network Layer */,
				D315B1282B5A9C4A00C1A826 /* Customs + Extensions */,
				D315B11E2B5A947700C1A826 /* Assets */,
			);
			path = testConnection;
			sourceTree = "<group>";
		};
		D315B11D2B5A944E00C1A826 /* AppDelegate */ = {
			isa = PBXGroup;
			children = (
				D315B1092B5A943700C1A826 /* AppDelegate.swift */,
				D315B10B2B5A943700C1A826 /* SceneDelegate.swift */,
			);
			path = AppDelegate;
			sourceTree = "<group>";
		};
		D315B11E2B5A947700C1A826 /* Assets */ = {
			isa = PBXGroup;
			children = (
				D315B1122B5A943700C1A826 /* Assets.xcassets */,
				D315B1172B5A943800C1A826 /* Info.plist */,
			);
			path = Assets;
			sourceTree = "<group>";
		};
		D315B11F2B5A94A900C1A826 /* launch screen */ = {
			isa = PBXGroup;
			children = (
				D315B1142B5A943700C1A826 /* LaunchScreen.storyboard */,
			);
			path = "launch screen";
			sourceTree = "<group>";
		};
		D315B1202B5A94B900C1A826 /* Flow */ = {
			isa = PBXGroup;
			children = (
				D315B1212B5A94C600C1A826 /* Recipes */,
			);
			path = Flow;
			sourceTree = "<group>";
		};
		D315B1212B5A94C600C1A826 /* Recipes */ = {
			isa = PBXGroup;
			children = (
				D315B1262B5A950100C1A826 /* RecipesViewModel.swift */,
				D315B1222B5A94E000C1A826 /* RecipesViewController.swift */,
				D315B1232B5A94E000C1A826 /* RecipesViewController.xib */,
			);
			path = Recipes;
			sourceTree = "<group>";
		};
		D315B1282B5A9C4A00C1A826 /* Customs + Extensions */ = {
			isa = PBXGroup;
			children = (
				D315B1292B5A9C6200C1A826 /* ConnectionStatus.swift */,
				D315B12C2B5A9D9400C1A826 /* UIViewController.swift */,
				D315B13B2B5AA16A00C1A826 /* UIImageView.swift */,
			);
			path = "Customs + Extensions";
			sourceTree = "<group>";
		};
		D315B12E2B5A9E3500C1A826 /* Network Layer */ = {
			isa = PBXGroup;
			children = (
				D315B1342B5A9E9D00C1A826 /* constans */,
				D315B12F2B5A9E4700C1A826 /* Base */,
				D315B1302B5A9E4D00C1A826 /* Error */,
				D315B1312B5A9E5A00C1A826 /* Endpoints */,
			);
			path = "Network Layer";
			sourceTree = "<group>";
		};
		D315B12F2B5A9E4700C1A826 /* Base */ = {
			isa = PBXGroup;
			children = (
				D315B1322B5A9E8600C1A826 /* TargetType.swift */,
				D315B1372B5A9EE300C1A826 /* BaseAPI.swift */,
			);
			path = Base;
			sourceTree = "<group>";
		};
		D315B1302B5A9E4D00C1A826 /* Error */ = {
			isa = PBXGroup;
			children = (
				D315B1392B5A9F1400C1A826 /* ErrorMessage.swift */,
			);
			path = Error;
			sourceTree = "<group>";
		};
		D315B1312B5A9E5A00C1A826 /* Endpoints */ = {
			isa = PBXGroup;
			children = (
			);
			path = Endpoints;
			sourceTree = "<group>";
		};
		D315B1342B5A9E9D00C1A826 /* constans */ = {
			isa = PBXGroup;
			children = (
				D315B1352B5A9EA700C1A826 /* Api.swift */,
			);
			path = constans;
			sourceTree = "<group>";
		};
/* End PBXGroup section */

/* Begin PBXNativeTarget section */
		D315B1052B5A943700C1A826 /* testConnection */ = {
			isa = PBXNativeTarget;
			buildConfigurationList = D315B11A2B5A943800C1A826 /* Build configuration list for PBXNativeTarget "testConnection" */;
			buildPhases = (
				C862F55BBE3C964E01052982 /* [CP] Check Pods Manifest.lock */,
				D315B1022B5A943700C1A826 /* Sources */,
				D315B1032B5A943700C1A826 /* Frameworks */,
				D315B1042B5A943700C1A826 /* Resources */,
				191F06408B435251D17D0E66 /* [CP] Embed Pods Frameworks */,
			);
			buildRules = (
			);
			dependencies = (
			);
			name = testConnection;
			productName = testConnection;
			productReference = D315B1062B5A943700C1A826 /* testConnection.app */;
			productType = "com.apple.product-type.application";
		};
/* End PBXNativeTarget section */

/* Begin PBXProject section */
		D315B0FE2B5A943700C1A826 /* Project object */ = {
			isa = PBXProject;
			attributes = {
				BuildIndependentTargetsInParallel = 1;
				LastSwiftUpdateCheck = 1430;
				LastUpgradeCheck = 1430;
				TargetAttributes = {
					D315B1052B5A943700C1A826 = {
						CreatedOnToolsVersion = 14.3;
					};
				};
			};
			buildConfigurationList = D315B1012B5A943700C1A826 /* Build configuration list for PBXProject "testConnection" */;
			compatibilityVersion = "Xcode 14.0";
			developmentRegion = en;
			hasScannedForEncodings = 0;
			knownRegions = (
				en,
				Base,
			);
			mainGroup = D315B0FD2B5A943700C1A826;
			productRefGroup = D315B1072B5A943700C1A826 /* Products */;
			projectDirPath = "";
			projectRoot = "";
			targets = (
				D315B1052B5A943700C1A826 /* testConnection */,
			);
		};
/* End PBXProject section */

/* Begin PBXResourcesBuildPhase section */
		D315B1042B5A943700C1A826 /* Resources */ = {
			isa = PBXResourcesBuildPhase;
			buildActionMask = 2147483647;
			files = (
				D315B1162B5A943700C1A826 /* LaunchScreen.storyboard in Resources */,
				D315B1132B5A943700C1A826 /* Assets.xcassets in Resources */,
				D315B1252B5A94E000C1A826 /* RecipesViewController.xib in Resources */,
			);
			runOnlyForDeploymentPostprocessing = 0;
		};
/* End PBXResourcesBuildPhase section */

/* Begin PBXShellScriptBuildPhase section */
		191F06408B435251D17D0E66 /* [CP] Embed Pods Frameworks */ = {
			isa = PBXShellScriptBuildPhase;
			buildActionMask = 2147483647;
			files = (
			);
			inputFileListPaths = (
				"${PODS_ROOT}/Target Support Files/Pods-testConnection/Pods-testConnection-frameworks-${CONFIGURATION}-input-files.xcfilelist",
			);
			name = "[CP] Embed Pods Frameworks";
			outputFileListPaths = (
				"${PODS_ROOT}/Target Support Files/Pods-testConnection/Pods-testConnection-frameworks-${CONFIGURATION}-output-files.xcfilelist",
			);
			runOnlyForDeploymentPostprocessing = 0;
			shellPath = /bin/sh;
			shellScript = "\"${PODS_ROOT}/Target Support Files/Pods-testConnection/Pods-testConnection-frameworks.sh\"\n";
			showEnvVarsInLog = 0;
		};
		C862F55BBE3C964E01052982 /* [CP] Check Pods Manifest.lock */ = {
			isa = PBXShellScriptBuildPhase;
			buildActionMask = 2147483647;
			files = (
			);
			inputFileListPaths = (
			);
			inputPaths = (
				"${PODS_PODFILE_DIR_PATH}/Podfile.lock",
				"${PODS_ROOT}/Manifest.lock",
			);
			name = "[CP] Check Pods Manifest.lock";
			outputFileListPaths = (
			);
			outputPaths = (
				"$(DERIVED_FILE_DIR)/Pods-testConnection-checkManifestLockResult.txt",
			);
			runOnlyForDeploymentPostprocessing = 0;
			shellPath = /bin/sh;
			shellScript = "diff \"${PODS_PODFILE_DIR_PATH}/Podfile.lock\" \"${PODS_ROOT}/Manifest.lock\" > /dev/null\nif [ $? != 0 ] ; then\n    # print error to STDERR\n    echo \"error: The sandbox is not in sync with the Podfile.lock. Run 'pod install' or update your CocoaPods installation.\" >&2\n    exit 1\nfi\n# This output is used by Xcode 'outputs' to avoid re-running this script phase.\necho \"SUCCESS\" > \"${SCRIPT_OUTPUT_FILE_0}\"\n";
			showEnvVarsInLog = 0;
		};
/* End PBXShellScriptBuildPhase section */

/* Begin PBXSourcesBuildPhase section */
		D315B1022B5A943700C1A826 /* Sources */ = {
			isa = PBXSourcesBuildPhase;
			buildActionMask = 2147483647;
			files = (
				D315B1272B5A950100C1A826 /* RecipesViewModel.swift in Sources */,
				D315B12A2B5A9C6200C1A826 /* ConnectionStatus.swift in Sources */,
				D315B13A2B5A9F1400C1A826 /* ErrorMessage.swift in Sources */,
				D315B12D2B5A9D9400C1A826 /* UIViewController.swift in Sources */,
				D315B1382B5A9EE300C1A826 /* BaseAPI.swift in Sources */,
				D315B10A2B5A943700C1A826 /* AppDelegate.swift in Sources */,
				D315B13C2B5AA16A00C1A826 /* UIImageView.swift in Sources */,
				D315B1242B5A94E000C1A826 /* RecipesViewController.swift in Sources */,
				D315B10C2B5A943700C1A826 /* SceneDelegate.swift in Sources */,
				D315B1362B5A9EA700C1A826 /* Api.swift in Sources */,
				D315B1332B5A9E8600C1A826 /* TargetType.swift in Sources */,
			);
			runOnlyForDeploymentPostprocessing = 0;
		};
/* End PBXSourcesBuildPhase section */

/* Begin PBXVariantGroup section */
		D315B1142B5A943700C1A826 /* LaunchScreen.storyboard */ = {
			isa = PBXVariantGroup;
			children = (
				D315B1152B5A943700C1A826 /* Base */,
			);
			name = LaunchScreen.storyboard;
			sourceTree = "<group>";
		};
/* End PBXVariantGroup section */

/* Begin XCBuildConfiguration section */
		D315B1182B5A943800C1A826 /* Debug */ = {
			isa = XCBuildConfiguration;
			buildSettings = {
				ALWAYS_SEARCH_USER_PATHS = NO;
				CLANG_ANALYZER_NONNULL = YES;
				CLANG_ANALYZER_NUMBER_OBJECT_CONVERSION = YES_AGGRESSIVE;
				CLANG_CXX_LANGUAGE_STANDARD = "gnu++20";
				CLANG_ENABLE_MODULES = YES;
				CLANG_ENABLE_OBJC_ARC = YES;
				CLANG_ENABLE_OBJC_WEAK = YES;
				CLANG_WARN_BLOCK_CAPTURE_AUTORELEASING = YES;
				CLANG_WARN_BOOL_CONVERSION = YES;
				CLANG_WARN_COMMA = YES;
				CLANG_WARN_CONSTANT_CONVERSION = YES;
				CLANG_WARN_DEPRECATED_OBJC_IMPLEMENTATIONS = YES;
				CLANG_WARN_DIRECT_OBJC_ISA_USAGE = YES_ERROR;
				CLANG_WARN_DOCUMENTATION_COMMENTS = YES;
				CLANG_WARN_EMPTY_BODY = YES;
				CLANG_WARN_ENUM_CONVERSION = YES;
				CLANG_WARN_INFINITE_RECURSION = YES;
				CLANG_WARN_INT_CONVERSION = YES;
				CLANG_WARN_NON_LITERAL_NULL_CONVERSION = YES;
				CLANG_WARN_OBJC_IMPLICIT_RETAIN_SELF = YES;
				CLANG_WARN_OBJC_LITERAL_CONVERSION = YES;
				CLANG_WARN_OBJC_ROOT_CLASS = YES_ERROR;
				CLANG_WARN_QUOTED_INCLUDE_IN_FRAMEWORK_HEADER = YES;
				CLANG_WARN_RANGE_LOOP_ANALYSIS = YES;
				CLANG_WARN_STRICT_PROTOTYPES = YES;
				CLANG_WARN_SUSPICIOUS_MOVE = YES;
				CLANG_WARN_UNGUARDED_AVAILABILITY = YES_AGGRESSIVE;
				CLANG_WARN_UNREACHABLE_CODE = YES;
				CLANG_WARN__DUPLICATE_METHOD_MATCH = YES;
				COPY_PHASE_STRIP = NO;
				DEBUG_INFORMATION_FORMAT = dwarf;
				ENABLE_STRICT_OBJC_MSGSEND = YES;
				ENABLE_TESTABILITY = YES;
				GCC_C_LANGUAGE_STANDARD = gnu11;
				GCC_DYNAMIC_NO_PIC = NO;
				GCC_NO_COMMON_BLOCKS = YES;
				GCC_OPTIMIZATION_LEVEL = 0;
				GCC_PREPROCESSOR_DEFINITIONS = (
					"DEBUG=1",
					"$(inherited)",
				);
				GCC_WARN_64_TO_32_BIT_CONVERSION = YES;
				GCC_WARN_ABOUT_RETURN_TYPE = YES_ERROR;
				GCC_WARN_UNDECLARED_SELECTOR = YES;
				GCC_WARN_UNINITIALIZED_AUTOS = YES_AGGRESSIVE;
				GCC_WARN_UNUSED_FUNCTION = YES;
				GCC_WARN_UNUSED_VARIABLE = YES;
				IPHONEOS_DEPLOYMENT_TARGET = 16.4;
				MTL_ENABLE_DEBUG_INFO = INCLUDE_SOURCE;
				MTL_FAST_MATH = YES;
				ONLY_ACTIVE_ARCH = YES;
				SDKROOT = iphoneos;
				SWIFT_ACTIVE_COMPILATION_CONDITIONS = DEBUG;
				SWIFT_OPTIMIZATION_LEVEL = "-Onone";
			};
			name = Debug;
		};
		D315B1192B5A943800C1A826 /* Release */ = {
			isa = XCBuildConfiguration;
			buildSettings = {
				ALWAYS_SEARCH_USER_PATHS = NO;
				CLANG_ANALYZER_NONNULL = YES;
				CLANG_ANALYZER_NUMBER_OBJECT_CONVERSION = YES_AGGRESSIVE;
				CLANG_CXX_LANGUAGE_STANDARD = "gnu++20";
				CLANG_ENABLE_MODULES = YES;
				CLANG_ENABLE_OBJC_ARC = YES;
				CLANG_ENABLE_OBJC_WEAK = YES;
				CLANG_WARN_BLOCK_CAPTURE_AUTORELEASING = YES;
				CLANG_WARN_BOOL_CONVERSION = YES;
				CLANG_WARN_COMMA = YES;
				CLANG_WARN_CONSTANT_CONVERSION = YES;
				CLANG_WARN_DEPRECATED_OBJC_IMPLEMENTATIONS = YES;
				CLANG_WARN_DIRECT_OBJC_ISA_USAGE = YES_ERROR;
				CLANG_WARN_DOCUMENTATION_COMMENTS = YES;
				CLANG_WARN_EMPTY_BODY = YES;
				CLANG_WARN_ENUM_CONVERSION = YES;
				CLANG_WARN_INFINITE_RECURSION = YES;
				CLANG_WARN_INT_CONVERSION = YES;
				CLANG_WARN_NON_LITERAL_NULL_CONVERSION = YES;
				CLANG_WARN_OBJC_IMPLICIT_RETAIN_SELF = YES;
				CLANG_WARN_OBJC_LITERAL_CONVERSION = YES;
				CLANG_WARN_OBJC_ROOT_CLASS = YES_ERROR;
				CLANG_WARN_QUOTED_INCLUDE_IN_FRAMEWORK_HEADER = YES;
				CLANG_WARN_RANGE_LOOP_ANALYSIS = YES;
				CLANG_WARN_STRICT_PROTOTYPES = YES;
				CLANG_WARN_SUSPICIOUS_MOVE = YES;
				CLANG_WARN_UNGUARDED_AVAILABILITY = YES_AGGRESSIVE;
				CLANG_WARN_UNREACHABLE_CODE = YES;
				CLANG_WARN__DUPLICATE_METHOD_MATCH = YES;
				COPY_PHASE_STRIP = NO;
				DEBUG_INFORMATION_FORMAT = "dwarf-with-dsym";
				ENABLE_NS_ASSERTIONS = NO;
				ENABLE_STRICT_OBJC_MSGSEND = YES;
				GCC_C_LANGUAGE_STANDARD = gnu11;
				GCC_NO_COMMON_BLOCKS = YES;
				GCC_WARN_64_TO_32_BIT_CONVERSION = YES;
				GCC_WARN_ABOUT_RETURN_TYPE = YES_ERROR;
				GCC_WARN_UNDECLARED_SELECTOR = YES;
				GCC_WARN_UNINITIALIZED_AUTOS = YES_AGGRESSIVE;
				GCC_WARN_UNUSED_FUNCTION = YES;
				GCC_WARN_UNUSED_VARIABLE = YES;
				IPHONEOS_DEPLOYMENT_TARGET = 16.4;
				MTL_ENABLE_DEBUG_INFO = NO;
				MTL_FAST_MATH = YES;
				SDKROOT = iphoneos;
				SWIFT_COMPILATION_MODE = wholemodule;
				SWIFT_OPTIMIZATION_LEVEL = "-O";
				VALIDATE_PRODUCT = YES;
			};
			name = Release;
		};
		D315B11B2B5A943800C1A826 /* Debug */ = {
			isa = XCBuildConfiguration;
			baseConfigurationReference = DDCF5986F77BF589048813A0 /* Pods-testConnection.debug.xcconfig */;
			buildSettings = {
				ASSETCATALOG_COMPILER_APPICON_NAME = AppIcon;
				ASSETCATALOG_COMPILER_GLOBAL_ACCENT_COLOR_NAME = AccentColor;
				CODE_SIGN_STYLE = Automatic;
				CURRENT_PROJECT_VERSION = 1;
				DEVELOPMENT_TEAM = X4YZSY77G5;
				GENERATE_INFOPLIST_FILE = YES;
				INFOPLIST_FILE = testConnection/Assets/Info.plist;
				INFOPLIST_KEY_UIApplicationSupportsIndirectInputEvents = YES;
				INFOPLIST_KEY_UILaunchStoryboardName = LaunchScreen;
				INFOPLIST_KEY_UISupportedInterfaceOrientations = UIInterfaceOrientationPortrait;
				INFOPLIST_KEY_UIUserInterfaceStyle = Light;
				IPHONEOS_DEPLOYMENT_TARGET = 14.0;
				LD_RUNPATH_SEARCH_PATHS = (
					"$(inherited)",
					"@executable_path/Frameworks",
				);
				MARKETING_VERSION = 1.0;
				PRODUCT_BUNDLE_IDENTIFIER = com.myorganization199.testConnection;
				PRODUCT_NAME = "$(TARGET_NAME)";
				SUPPORTED_PLATFORMS = "iphoneos iphonesimulator";
				SUPPORTS_MACCATALYST = NO;
				SUPPORTS_MAC_DESIGNED_FOR_IPHONE_IPAD = NO;
				SWIFT_EMIT_LOC_STRINGS = YES;
				SWIFT_VERSION = 5.0;
				TARGETED_DEVICE_FAMILY = "1,2";
			};
			name = Debug;
		};
		D315B11C2B5A943800C1A826 /* Release */ = {
			isa = XCBuildConfiguration;
			baseConfigurationReference = 8C6FE553D5285547BEDFC69B /* Pods-testConnection.release.xcconfig */;
			buildSettings = {
				ASSETCATALOG_COMPILER_APPICON_NAME = AppIcon;
				ASSETCATALOG_COMPILER_GLOBAL_ACCENT_COLOR_NAME = AccentColor;
				CODE_SIGN_STYLE = Automatic;
				CURRENT_PROJECT_VERSION = 1;
				DEVELOPMENT_TEAM = X4YZSY77G5;
				GENERATE_INFOPLIST_FILE = YES;
				INFOPLIST_FILE = testConnection/Assets/Info.plist;
				INFOPLIST_KEY_UIApplicationSupportsIndirectInputEvents = YES;
				INFOPLIST_KEY_UILaunchStoryboardName = LaunchScreen;
				INFOPLIST_KEY_UISupportedInterfaceOrientations = UIInterfaceOrientationPortrait;
				INFOPLIST_KEY_UIUserInterfaceStyle = Light;
				IPHONEOS_DEPLOYMENT_TARGET = 14.0;
				LD_RUNPATH_SEARCH_PATHS = (
					"$(inherited)",
					"@executable_path/Frameworks",
				);
				MARKETING_VERSION = 1.0;
				PRODUCT_BUNDLE_IDENTIFIER = com.myorganization199.testConnection;
				PRODUCT_NAME = "$(TARGET_NAME)";
				SUPPORTED_PLATFORMS = "iphoneos iphonesimulator";
				SUPPORTS_MACCATALYST = NO;
				SUPPORTS_MAC_DESIGNED_FOR_IPHONE_IPAD = NO;
				SWIFT_EMIT_LOC_STRINGS = YES;
				SWIFT_VERSION = 5.0;
				TARGETED_DEVICE_FAMILY = "1,2";
			};
			name = Release;
		};
/* End XCBuildConfiguration section */

/* Begin XCConfigurationList section */
		D315B1012B5A943700C1A826 /* Build configuration list for PBXProject "testConnection" */ = {
			isa = XCConfigurationList;
			buildConfigurations = (
				D315B1182B5A943800C1A826 /* Debug */,
				D315B1192B5A943800C1A826 /* Release */,
			);
			defaultConfigurationIsVisible = 0;
			defaultConfigurationName = Release;
		};
		D315B11A2B5A943800C1A826 /* Build configuration list for PBXNativeTarget "testConnection" */ = {
			isa = XCConfigurationList;
			buildConfigurations = (
				D315B11B2B5A943800C1A826 /* Debug */,
				D315B11C2B5A943800C1A826 /* Release */,
			);
			defaultConfigurationIsVisible = 0;
			defaultConfigurationName = Release;
		};
/* End XCConfigurationList section */
	};
	rootObject = D315B0FE2B5A943700C1A826 /* Project object */;
}
